{
  "name": "imgdiffer",
  "version": "1.0.0",
  "lockfileVersion": 1,
  "requires": true,
  "dependencies": {
    "@tootallnate/once": {
      "version": "1.1.2",
      "resolved": "https://artifactory.squarespace.net/api/npm/npm-all/@tootallnate/once/-/once-1.1.2.tgz",
      "integrity": "sha1-zLkURTYBeaBOf+av94wA/8Hur4I="
    },
    "@types/color-name": {
      "version": "1.1.1",
      "resolved": "https://artifactory.squarespace.net/api/npm/npm-all/@types/color-name/-/color-name-1.1.1.tgz",
      "integrity": "sha1-HBJhu+qhCoBVu8XYq4S3sq/IRqA="
    },
    "ansi-regex": {
      "version": "5.0.0",
      "resolved": "https://artifactory.squarespace.net/api/npm/npm-all/ansi-regex/-/ansi-regex-5.0.0.tgz",
      "integrity": "sha1-OIU59VF5vzkznIGvMKZU1p+Hy3U="
    },
    "ansi-styles": {
      "version": "4.2.1",
      "resolved": "https://artifactory.squarespace.net/api/npm/npm-all/ansi-styles/-/ansi-styles-4.2.1.tgz",
      "integrity": "sha1-kK51xCTQCNJiTFvynq0xd+v881k=",
      "requires": {
        "@types/color-name": "^1.1.1",
        "color-convert": "^2.0.1"
      }
    },
    "cliui": {
      "version": "7.0.1",
      "resolved": "https://artifactory.squarespace.net/api/npm/npm-all/cliui/-/cliui-7.0.1.tgz",
      "integrity": "sha1-pMtnqtRc2D2NBRKPyfTY+7iH5rM=",
      "requires": {
        "string-width": "^4.2.0",
        "strip-ansi": "^6.0.0",
        "wrap-ansi": "^7.0.0"
      }
    },
    "color-convert": {
      "version": "2.0.1",
      "resolved": "https://artifactory.squarespace.net/api/npm/npm-all/color-convert/-/color-convert-2.0.1.tgz",
      "integrity": "sha1-ctOmjVmMm9s68q0ehPIdiWq9TeM=",
      "requires": {
        "color-name": "~1.1.4"
      }
    },
    "color-name": {
      "version": "1.1.4",
      "resolved": "https://artifactory.squarespace.net/api/npm/npm-all/color-name/-/color-name-1.1.4.tgz",
      "integrity": "sha1-wqCah6y95pVD3m9j+jmVyCbFNqI="
    },
    "core-util-is": {
      "version": "1.0.2",
      "resolved": "https://artifactory.squarespace.net/api/npm/npm-all/core-util-is/-/core-util-is-1.0.2.tgz",
      "integrity": "sha1-tf1UIgqivFq1eqtxQMlAdUUDwac="
    },
    "data-uri-to-buffer": {
      "version": "3.0.1",
      "resolved": "https://artifactory.squarespace.net/api/npm/npm-all/data-uri-to-buffer/-/data-uri-to-buffer-3.0.1.tgz",
      "integrity": "sha1-WUuJc5OMW8LDMEZTV4U0GrxPNjY="
    },
    "debug": {
      "version": "4.1.1",
      "resolved": "https://artifactory.squarespace.net/api/npm/npm-all/debug/-/debug-4.1.1.tgz",
      "integrity": "sha1-O3ImAlUQnGtYnO4FDx1RYTlmR5E=",
      "requires": {
        "ms": "^2.1.1"
      }
    },
    "emoji-regex": {
      "version": "8.0.0",
      "resolved": "https://artifactory.squarespace.net/api/npm/npm-all/emoji-regex/-/emoji-regex-8.0.0.tgz",
      "integrity": "sha1-6Bj9ac5cz8tARZT4QpY79TFkzDc="
    },
    "escalade": {
      "version": "3.0.2",
      "resolved": "https://artifactory.squarespace.net/api/npm/npm-all/escalade/-/escalade-3.0.2.tgz",
      "integrity": "sha1-algNcO24eIDyK0yR0NVgeN9pYsQ="
    },
    "file-uri-to-path": {
      "version": "2.0.0",
      "resolved": "https://artifactory.squarespace.net/api/npm/npm-all/file-uri-to-path/-/file-uri-to-path-2.0.0.tgz",
      "integrity": "sha1-e0Fa66In1XWFHgpbDGQNdlZAP7o="
    },
    "fs-extra": {
      "version": "8.1.0",
      "resolved": "https://artifactory.squarespace.net/api/npm/npm-all/fs-extra/-/fs-extra-8.1.0.tgz",
      "integrity": "sha1-SdQ8RaiM2Wd2aMt74bRu/bjS4cA=",
      "requires": {
        "graceful-fs": "^4.2.0",
        "jsonfile": "^4.0.0",
        "universalify": "^0.1.0"
      }
    },
    "ftp": {
      "version": "0.3.10",
      "resolved": "https://artifactory.squarespace.net/api/npm/npm-all/ftp/-/ftp-0.3.10.tgz",
      "integrity": "sha1-kZfYYa2BQvPmPVqDv+TFn3MwiF0=",
      "requires": {
        "readable-stream": "1.1.x",
        "xregexp": "2.0.0"
      }
    },
    "get-caller-file": {
      "version": "2.0.5",
      "resolved": "https://artifactory.squarespace.net/api/npm/npm-all/get-caller-file/-/get-caller-file-2.0.5.tgz",
      "integrity": "sha1-T5RBKoLbMvNuOwuXQfipf+sDH34="
    },
    "get-uri": {
      "version": "3.0.2",
      "resolved": "https://artifactory.squarespace.net/api/npm/npm-all/get-uri/-/get-uri-3.0.2.tgz",
      "integrity": "sha1-8O8TVvqrxw4flAT6O2ayupv8clw=",
      "requires": {
        "@tootallnate/once": "1",
        "data-uri-to-buffer": "3",
        "debug": "4",
        "file-uri-to-path": "2",
        "fs-extra": "^8.1.0",
        "ftp": "^0.3.10"
      }
    },
    "graceful-fs": {
      "version": "4.2.4",
      "resolved": "https://artifactory.squarespace.net/api/npm/npm-all/graceful-fs/-/graceful-fs-4.2.4.tgz",
      "integrity": "sha1-Ila94U02MpWMRl68ltxGfKB6Kfs="
    },
    "inherits": {
      "version": "2.0.4",
      "resolved": "https://artifactory.squarespace.net/api/npm/npm-all/inherits/-/inherits-2.0.4.tgz",
      "integrity": "sha1-D6LGT5MpF8NDOg3tVTY6rjdBa3w="
    },
    "is-fullwidth-code-point": {
      "version": "3.0.0",
      "resolved": "https://artifactory.squarespace.net/api/npm/npm-all/is-fullwidth-code-point/-/is-fullwidth-code-point-3.0.0.tgz",
      "integrity": "sha1-8Rb4Bk/pCz94RKOJl8C3UFEmnx0="
    },
    "isarray": {
      "version": "0.0.1",
      "resolved": "https://artifactory.squarespace.net/api/npm/npm-all/isarray/-/isarray-0.0.1.tgz",
      "integrity": "sha1-ihis/Kmo9Bd+Cav8YDiTmwXR7t8="
    },
    "jsonfile": {
      "version": "4.0.0",
      "resolved": "https://artifactory.squarespace.net/api/npm/npm-all/jsonfile/-/jsonfile-4.0.0.tgz",
      "integrity": "sha1-h3Gq4HmbZAdrdmQPygWPnBDjPss=",
      "requires": {
        "graceful-fs": "^4.1.6"
      }
    },
    "ms": {
      "version": "2.1.2",
      "resolved": "https://artifactory.squarespace.net/api/npm/npm-all/ms/-/ms-2.1.2.tgz",
      "integrity": "sha1-0J0fNXtEP0kzgqjrPM0YOHKuYAk="
    },
    "pixelmatch": {
      "version": "5.2.1",
      "resolved": "https://artifactory.squarespace.net/api/npm/npm-all/pixelmatch/-/pixelmatch-5.2.1.tgz",
      "integrity": "sha1-nk5PSqWWSCCKMTEDBqW+1VIrDWU=",
      "requires": {
        "pngjs": "^4.0.1"
      },
      "dependencies": {
        "pngjs": {
          "version": "4.0.1",
          "resolved": "https://artifactory.squarespace.net/api/npm/npm-all/pngjs/-/pngjs-4.0.1.tgz",
          "integrity": "sha1-+AOGm7L8G/4b+Zqk7CHBCBF8/b4="
        }
      }
    },
    "pngjs": {
      "version": "5.0.0",
      "resolved": "https://artifactory.squarespace.net/api/npm/npm-all/pngjs/-/pngjs-5.0.0.tgz",
      "integrity": "sha1-553SshV2f9nARWHAEjbflgvOf7s="
    },
    "readable-stream": {
      "version": "1.1.14",
      "resolved": "https://artifactory.squarespace.net/api/npm/npm-all/readable-stream/-/readable-stream-1.1.14.tgz",
      "integrity": "sha1-fPTFTvZI44EwhMY23SB54WbAgdk=",
      "requires": {
        "core-util-is": "~1.0.0",
        "inherits": "~2.0.1",
        "isarray": "0.0.1",
        "string_decoder": "~0.10.x"
      }
    },
    "require-directory": {
      "version": "2.1.1",
      "resolved": "https://artifactory.squarespace.net/api/npm/npm-all/require-directory/-/require-directory-2.1.1.tgz",
      "integrity": "sha1-jGStX9MNqxyXbiNE/+f3kqam30I="
    },
    "string-width": {
      "version": "4.2.0",
      "resolved": "https://artifactory.squarespace.net/api/npm/npm-all/string-width/-/string-width-4.2.0.tgz",
      "integrity": "sha1-lSGCxGzHssMT0VluYjmSvRY7crU=",
      "requires": {
        "emoji-regex": "^8.0.0",
        "is-fullwidth-code-point": "^3.0.0",
        "strip-ansi": "^6.0.0"
      }
    },
    "string_decoder": {
      "version": "0.10.31",
      "resolved": "https://artifactory.squarespace.net/api/npm/npm-all/string_decoder/-/string_decoder-0.10.31.tgz",
      "integrity": "sha1-YuIDvEF2bGwoyfyEMB2rHFMQ+pQ="
    },
    "strip-ansi": {
      "version": "6.0.0",
      "resolved": "https://artifactory.squarespace.net/api/npm/npm-all/strip-ansi/-/strip-ansi-6.0.0.tgz",
      "integrity": "sha1-CxVx3XZpzNTz4G4U7x7tJiJa5TI=",
      "requires": {
        "ansi-regex": "^5.0.0"
      }
    },
    "universalify": {
      "version": "0.1.2",
      "resolved": "https://artifactory.squarespace.net/api/npm/npm-all/universalify/-/universalify-0.1.2.tgz",
      "integrity": "sha1-tkb2m+OULavOzJ1mOcgNwQXvqmY="
    },
    "wrap-ansi": {
      "version": "7.0.0",
      "resolved": "https://artifactory.squarespace.net/api/npm/npm-all/wrap-ansi/-/wrap-ansi-7.0.0.tgz",
      "integrity": "sha1-Z+FFz/UQpqaYS98RUpEdadLrnkM=",
      "requires": {
        "ansi-styles": "^4.0.0",
        "string-width": "^4.1.0",
        "strip-ansi": "^6.0.0"
      }
    },
    "xregexp": {
      "version": "2.0.0",
      "resolved": "https://artifactory.squarespace.net/api/npm/npm-all/xregexp/-/xregexp-2.0.0.tgz",
      "integrity": "sha1-UqY+VsoLhKfzpfPWGHLxJq16WUM="
    },
    "y18n": {
      "version": "5.0.1",
      "resolved": "https://artifactory.squarespace.net/api/npm/npm-all/y18n/-/y18n-5.0.1.tgz",
      "integrity": "sha1-GtKn7d+ovOfKouH2tdqWw52Z1XE="
    },
    "yargs": {
      "version": "16.0.3",
      "resolved": "https://artifactory.squarespace.net/api/npm/npm-all/yargs/-/yargs-16.0.3.tgz",
      "integrity": "sha1-epGbnkPJD4DUoUKol5XoU5mn5Uw=",
      "requires": {
        "cliui": "^7.0.0",
        "escalade": "^3.0.2",
        "get-caller-file": "^2.0.5",
        "require-directory": "^2.1.1",
        "string-width": "^4.2.0",
        "y18n": "^5.0.1",
        "yargs-parser": "^20.0.0"
      }
    },
    "yargs-parser": {
      "version": "20.0.0",
      "resolved": "https://artifactory.squarespace.net/api/npm/npm-all/yargs-parser/-/yargs-parser-20.0.0.tgz",
      "integrity": "sha1-xlodqql3rWPOvdUhWRR7eJpOGak="
    }
  }
}
